// !$*UTF8*$!
{
	archiveVersion = 1;
	classes = {
	};
	objectVersion = 50;
	objects = {

/* Begin PBXBuildFile section */
		DED5690326589A47003E718B /* SimpleTitechAppApp.swift in Sources */ = {isa = PBXBuildFile; fileRef = DED5690226589A47003E718B /* SimpleTitechAppApp.swift */; };
		DED5690526589A47003E718B /* ContentView.swift in Sources */ = {isa = PBXBuildFile; fileRef = DED5690426589A47003E718B /* ContentView.swift */; };
		DED5690726589A48003E718B /* Assets.xcassets in Resources */ = {isa = PBXBuildFile; fileRef = DED5690626589A48003E718B /* Assets.xcassets */; };
		DED5690A26589A48003E718B /* Preview Assets.xcassets in Resources */ = {isa = PBXBuildFile; fileRef = DED5690926589A48003E718B /* Preview Assets.xcassets */; };
		DED5691226589FF9003E718B /* ClassDetailsRow.swift in Sources */ = {isa = PBXBuildFile; fileRef = DED5691126589FF9003E718B /* ClassDetailsRow.swift */; };
		DED569142658A016003E718B /* ClassDetailsList.swift in Sources */ = {isa = PBXBuildFile; fileRef = DED569132658A016003E718B /* ClassDetailsList.swift */; };
		DED569162658A022003E718B /* ClassRow.swift in Sources */ = {isa = PBXBuildFile; fileRef = DED569152658A022003E718B /* ClassRow.swift */; };
		DED569182658A033003E718B /* ClassList.swift in Sources */ = {isa = PBXBuildFile; fileRef = DED569172658A033003E718B /* ClassList.swift */; };
		DED5691C2658AC51003E718B /* BorderExtension.swift in Sources */ = {isa = PBXBuildFile; fileRef = DED5691B2658AC51003E718B /* BorderExtension.swift */; };
		DED569212658C9AB003E718B /* ClassData.swift in Sources */ = {isa = PBXBuildFile; fileRef = DED569202658C9AB003E718B /* ClassData.swift */; };
		DED569242658DDCD003E718B /* DateFormatter.swift in Sources */ = {isa = PBXBuildFile; fileRef = DED569232658DDCD003E718B /* DateFormatter.swift */; };
/* End PBXBuildFile section */

/* Begin PBXFileReference section */
		DED568FF26589A47003E718B /* SimpleTitechApp.app */ = {isa = PBXFileReference; explicitFileType = wrapper.application; includeInIndex = 0; path = SimpleTitechApp.app; sourceTree = BUILT_PRODUCTS_DIR; };
		DED5690226589A47003E718B /* SimpleTitechAppApp.swift */ = {isa = PBXFileReference; lastKnownFileType = sourcecode.swift; path = SimpleTitechAppApp.swift; sourceTree = "<group>"; };
		DED5690426589A47003E718B /* ContentView.swift */ = {isa = PBXFileReference; lastKnownFileType = sourcecode.swift; path = ContentView.swift; sourceTree = "<group>"; };
		DED5690626589A48003E718B /* Assets.xcassets */ = {isa = PBXFileReference; lastKnownFileType = folder.assetcatalog; path = Assets.xcassets; sourceTree = "<group>"; };
		DED5690926589A48003E718B /* Preview Assets.xcassets */ = {isa = PBXFileReference; lastKnownFileType = folder.assetcatalog; path = "Preview Assets.xcassets"; sourceTree = "<group>"; };
		DED5690B26589A48003E718B /* Info.plist */ = {isa = PBXFileReference; lastKnownFileType = text.plist.xml; path = Info.plist; sourceTree = "<group>"; };
		DED5691126589FF9003E718B /* ClassDetailsRow.swift */ = {isa = PBXFileReference; lastKnownFileType = sourcecode.swift; path = ClassDetailsRow.swift; sourceTree = "<group>"; };
		DED569132658A016003E718B /* ClassDetailsList.swift */ = {isa = PBXFileReference; lastKnownFileType = sourcecode.swift; path = ClassDetailsList.swift; sourceTree = "<group>"; };
		DED569152658A022003E718B /* ClassRow.swift */ = {isa = PBXFileReference; lastKnownFileType = sourcecode.swift; path = ClassRow.swift; sourceTree = "<group>"; };
		DED569172658A033003E718B /* ClassList.swift */ = {isa = PBXFileReference; lastKnownFileType = sourcecode.swift; path = ClassList.swift; sourceTree = "<group>"; };
		DED5691B2658AC51003E718B /* BorderExtension.swift */ = {isa = PBXFileReference; lastKnownFileType = sourcecode.swift; path = BorderExtension.swift; sourceTree = "<group>"; };
		DED569202658C9AB003E718B /* ClassData.swift */ = {isa = PBXFileReference; lastKnownFileType = sourcecode.swift; path = ClassData.swift; sourceTree = "<group>"; };
		DED569232658DDCD003E718B /* DateFormatter.swift */ = {isa = PBXFileReference; lastKnownFileType = sourcecode.swift; path = DateFormatter.swift; sourceTree = "<group>"; };
/* End PBXFileReference section */

/* Begin PBXFrameworksBuildPhase section */
		DED568FC26589A47003E718B /* Frameworks */ = {
			isa = PBXFrameworksBuildPhase;
			buildActionMask = 2147483647;
			files = (
			);
			runOnlyForDeploymentPostprocessing = 0;
		};
/* End PBXFrameworksBuildPhase section */

/* Begin PBXGroup section */
		DED568F626589A47003E718B = {
			isa = PBXGroup;
			children = (
				DED5690126589A47003E718B /* SimpleTitechApp */,
				DED5690026589A47003E718B /* Products */,
			);
			sourceTree = "<group>";
		};
		DED5690026589A47003E718B /* Products */ = {
			isa = PBXGroup;
			children = (
				DED568FF26589A47003E718B /* SimpleTitechApp.app */,
			);
			name = Products;
			sourceTree = "<group>";
		};
		DED5690126589A47003E718B /* SimpleTitechApp */ = {
			isa = PBXGroup;
			children = (
				DED569222658DDAB003E718B /* Lib */,
				DED5691E2658C993003E718B /* Model */,
				DED5690226589A47003E718B /* SimpleTitechAppApp.swift */,
				DED5691D2658C982003E718B /* Views */,
				DED5690626589A48003E718B /* Assets.xcassets */,
				DED5690B26589A48003E718B /* Info.plist */,
				DED5690826589A48003E718B /* Preview Content */,
			);
			path = SimpleTitechApp;
			sourceTree = "<group>";
		};
		DED5690826589A48003E718B /* Preview Content */ = {
			isa = PBXGroup;
			children = (
				DED5690926589A48003E718B /* Preview Assets.xcassets */,
			);
			path = "Preview Content";
			sourceTree = "<group>";
		};
		DED5691D2658C982003E718B /* Views */ = {
			isa = PBXGroup;
			children = (
				DED5690426589A47003E718B /* ContentView.swift */,
				DED5691126589FF9003E718B /* ClassDetailsRow.swift */,
				DED569132658A016003E718B /* ClassDetailsList.swift */,
				DED569152658A022003E718B /* ClassRow.swift */,
				DED569172658A033003E718B /* ClassList.swift */,
			);
			path = Views;
			sourceTree = "<group>";
		};
		DED5691E2658C993003E718B /* Model */ = {
			isa = PBXGroup;
			children = (
				DED569202658C9AB003E718B /* ClassData.swift */,
			);
			path = Model;
			sourceTree = "<group>";
		};
		DED569222658DDAB003E718B /* Lib */ = {
			isa = PBXGroup;
			children = (
				DED5691B2658AC51003E718B /* BorderExtension.swift */,
				DED569232658DDCD003E718B /* DateFormatter.swift */,
			);
			path = Lib;
			sourceTree = "<group>";
		};
/* End PBXGroup section */

/* Begin PBXNativeTarget section */
		DED568FE26589A47003E718B /* SimpleTitechApp */ = {
			isa = PBXNativeTarget;
			buildConfigurationList = DED5690E26589A48003E718B /* Build configuration list for PBXNativeTarget "SimpleTitechApp" */;
			buildPhases = (
				DED568FB26589A47003E718B /* Sources */,
				DED568FC26589A47003E718B /* Frameworks */,
				DED568FD26589A47003E718B /* Resources */,
			);
			buildRules = (
			);
			dependencies = (
			);
			name = SimpleTitechApp;
			productName = SimpleTitechApp;
			productReference = DED568FF26589A47003E718B /* SimpleTitechApp.app */;
			productType = "com.apple.product-type.application";
		};
/* End PBXNativeTarget section */

/* Begin PBXProject section */
		DED568F726589A47003E718B /* Project object */ = {
			isa = PBXProject;
			attributes = {
				LastSwiftUpdateCheck = 1250;
				LastUpgradeCheck = 1250;
				TargetAttributes = {
					DED568FE26589A47003E718B = {
						CreatedOnToolsVersion = 12.5;
					};
				};
			};
			buildConfigurationList = DED568FA26589A47003E718B /* Build configuration list for PBXProject "SimpleTitechApp" */;
			compatibilityVersion = "Xcode 9.3";
			developmentRegion = en;
			hasScannedForEncodings = 0;
			knownRegions = (
				en,
				Base,
			);
			mainGroup = DED568F626589A47003E718B;
			productRefGroup = DED5690026589A47003E718B /* Products */;
			projectDirPath = "";
			projectRoot = "";
			targets = (
				DED568FE26589A47003E718B /* SimpleTitechApp */,
			);
		};
/* End PBXProject section */

/* Begin PBXResourcesBuildPhase section */
		DED568FD26589A47003E718B /* Resources */ = {
			isa = PBXResourcesBuildPhase;
			buildActionMask = 2147483647;
			files = (
				DED5690A26589A48003E718B /* Preview Assets.xcassets in Resources */,
				DED5690726589A48003E718B /* Assets.xcassets in Resources */,
			);
			runOnlyForDeploymentPostprocessing = 0;
		};
/* End PBXResourcesBuildPhase section */

/* Begin PBXSourcesBuildPhase section */
		DED568FB26589A47003E718B /* Sources */ = {
			isa = PBXSourcesBuildPhase;
			buildActionMask = 2147483647;
			files = (
				DED569242658DDCD003E718B /* DateFormatter.swift in Sources */,
				DED5690526589A47003E718B /* ContentView.swift in Sources */,
				DED569142658A016003E718B /* ClassDetailsList.swift in Sources */,
				DED569182658A033003E718B /* ClassList.swift in Sources */,
				DED5691C2658AC51003E718B /* BorderExtension.swift in Sources */,
				DED569212658C9AB003E718B /* ClassData.swift in Sources */,
				DED5690326589A47003E718B /* SimpleTitechAppApp.swift in Sources */,
				DED569162658A022003E718B /* ClassRow.swift in Sources */,
				DED5691226589FF9003E718B /* ClassDetailsRow.swift in Sources */,
			);
			runOnlyForDeploymentPostprocessing = 0;
		};
/* End PBXSourcesBuildPhase section */

/* Begin XCBuildConfiguration section */
		DED5690C26589A48003E718B /* Debug */ = {
			isa = XCBuildConfiguration;
			buildSettings = {
				ALWAYS_SEARCH_USER_PATHS = NO;
				CLANG_ANALYZER_NONNULL = YES;
				CLANG_ANALYZER_NUMBER_OBJECT_CONVERSION = YES_AGGRESSIVE;
				CLANG_CXX_LANGUAGE_STANDARD = "gnu++14";
				CLANG_CXX_LIBRARY = "libc++";
				CLANG_ENABLE_MODULES = YES;
				CLANG_ENABLE_OBJC_ARC = YES;
				CLANG_ENABLE_OBJC_WEAK = YES;
				CLANG_WARN_BLOCK_CAPTURE_AUTORELEASING = YES;
				CLANG_WARN_BOOL_CONVERSION = YES;
				CLANG_WARN_COMMA = YES;
				CLANG_WARN_CONSTANT_CONVERSION = YES;
				CLANG_WARN_DEPRECATED_OBJC_IMPLEMENTATIONS = YES;
				CLANG_WARN_DIRECT_OBJC_ISA_USAGE = YES_ERROR;
				CLANG_WARN_DOCUMENTATION_COMMENTS = YES;
				CLANG_WARN_EMPTY_BODY = YES;
				CLANG_WARN_ENUM_CONVERSION = YES;
				CLANG_WARN_INFINITE_RECURSION = YES;
				CLANG_WARN_INT_CONVERSION = YES;
				CLANG_WARN_NON_LITERAL_NULL_CONVERSION = YES;
				CLANG_WARN_OBJC_IMPLICIT_RETAIN_SELF = YES;
				CLANG_WARN_OBJC_LITERAL_CONVERSION = YES;
				CLANG_WARN_OBJC_ROOT_CLASS = YES_ERROR;
				CLANG_WARN_QUOTED_INCLUDE_IN_FRAMEWORK_HEADER = YES;
				CLANG_WARN_RANGE_LOOP_ANALYSIS = YES;
				CLANG_WARN_STRICT_PROTOTYPES = YES;
				CLANG_WARN_SUSPICIOUS_MOVE = YES;
				CLANG_WARN_UNGUARDED_AVAILABILITY = YES_AGGRESSIVE;
				CLANG_WARN_UNREACHABLE_CODE = YES;
				CLANG_WARN__DUPLICATE_METHOD_MATCH = YES;
				COPY_PHASE_STRIP = NO;
				DEBUG_INFORMATION_FORMAT = dwarf;
				ENABLE_STRICT_OBJC_MSGSEND = YES;
				ENABLE_TESTABILITY = YES;
				GCC_C_LANGUAGE_STANDARD = gnu11;
				GCC_DYNAMIC_NO_PIC = NO;
				GCC_NO_COMMON_BLOCKS = YES;
				GCC_OPTIMIZATION_LEVEL = 0;
				GCC_PREPROCESSOR_DEFINITIONS = (
					"DEBUG=1",
					"$(inherited)",
				);
				GCC_WARN_64_TO_32_BIT_CONVERSION = YES;
				GCC_WARN_ABOUT_RETURN_TYPE = YES_ERROR;
				GCC_WARN_UNDECLARED_SELECTOR = YES;
				GCC_WARN_UNINITIALIZED_AUTOS = YES_AGGRESSIVE;
				GCC_WARN_UNUSED_FUNCTION = YES;
				GCC_WARN_UNUSED_VARIABLE = YES;
				IPHONEOS_DEPLOYMENT_TARGET = 14.5;
				MTL_ENABLE_DEBUG_INFO = INCLUDE_SOURCE;
				MTL_FAST_MATH = YES;
				ONLY_ACTIVE_ARCH = YES;
				SDKROOT = iphoneos;
				SWIFT_ACTIVE_COMPILATION_CONDITIONS = DEBUG;
				SWIFT_OPTIMIZATION_LEVEL = "-Onone";
			};
			name = Debug;
		};
		DED5690D26589A48003E718B /* Release */ = {
			isa = XCBuildConfiguration;
			buildSettings = {
				ALWAYS_SEARCH_USER_PATHS = NO;
				CLANG_ANALYZER_NONNULL = YES;
				CLANG_ANALYZER_NUMBER_OBJECT_CONVERSION = YES_AGGRESSIVE;
				CLANG_CXX_LANGUAGE_STANDARD = "gnu++14";
				CLANG_CXX_LIBRARY = "libc++";
				CLANG_ENABLE_MODULES = YES;
				CLANG_ENABLE_OBJC_ARC = YES;
				CLANG_ENABLE_OBJC_WEAK = YES;
				CLANG_WARN_BLOCK_CAPTURE_AUTORELEASING = YES;
				CLANG_WARN_BOOL_CONVERSION = YES;
				CLANG_WARN_COMMA = YES;
				CLANG_WARN_CONSTANT_CONVERSION = YES;
				CLANG_WARN_DEPRECATED_OBJC_IMPLEMENTATIONS = YES;
				CLANG_WARN_DIRECT_OBJC_ISA_USAGE = YES_ERROR;
				CLANG_WARN_DOCUMENTATION_COMMENTS = YES;
				CLANG_WARN_EMPTY_BODY = YES;
				CLANG_WARN_ENUM_CONVERSION = YES;
				CLANG_WARN_INFINITE_RECURSION = YES;
				CLANG_WARN_INT_CONVERSION = YES;
				CLANG_WARN_NON_LITERAL_NULL_CONVERSION = YES;
				CLANG_WARN_OBJC_IMPLICIT_RETAIN_SELF = YES;
				CLANG_WARN_OBJC_LITERAL_CONVERSION = YES;
				CLANG_WARN_OBJC_ROOT_CLASS = YES_ERROR;
				CLANG_WARN_QUOTED_INCLUDE_IN_FRAMEWORK_HEADER = YES;
				CLANG_WARN_RANGE_LOOP_ANALYSIS = YES;
				CLANG_WARN_STRICT_PROTOTYPES = YES;
				CLANG_WARN_SUSPICIOUS_MOVE = YES;
				CLANG_WARN_UNGUARDED_AVAILABILITY = YES_AGGRESSIVE;
				CLANG_WARN_UNREACHABLE_CODE = YES;
				CLANG_WARN__DUPLICATE_METHOD_MATCH = YES;
				COPY_PHASE_STRIP = NO;
				DEBUG_INFORMATION_FORMAT = "dwarf-with-dsym";
				ENABLE_NS_ASSERTIONS = NO;
				ENABLE_STRICT_OBJC_MSGSEND = YES;
				GCC_C_LANGUAGE_STANDARD = gnu11;
				GCC_NO_COMMON_BLOCKS = YES;
				GCC_WARN_64_TO_32_BIT_CONVERSION = YES;
				GCC_WARN_ABOUT_RETURN_TYPE = YES_ERROR;
				GCC_WARN_UNDECLARED_SELECTOR = YES;
				GCC_WARN_UNINITIALIZED_AUTOS = YES_AGGRESSIVE;
				GCC_WARN_UNUSED_FUNCTION = YES;
				GCC_WARN_UNUSED_VARIABLE = YES;
				IPHONEOS_DEPLOYMENT_TARGET = 14.5;
				MTL_ENABLE_DEBUG_INFO = NO;
				MTL_FAST_MATH = YES;
				SDKROOT = iphoneos;
				SWIFT_COMPILATION_MODE = wholemodule;
				SWIFT_OPTIMIZATION_LEVEL = "-O";
				VALIDATE_PRODUCT = YES;
			};
			name = Release;
		};
		DED5690F26589A48003E718B /* Debug */ = {
			isa = XCBuildConfiguration;
			buildSettings = {
				ASSETCATALOG_COMPILER_APPICON_NAME = AppIcon;
				ASSETCATALOG_COMPILER_GLOBAL_ACCENT_COLOR_NAME = AccentColor;
				CODE_SIGN_STYLE = Automatic;
				DEVELOPMENT_ASSET_PATHS = "\"SimpleTitechApp/Preview Content\"";
				DEVELOPMENT_TEAM = WG79Q2HX97;
				ENABLE_PREVIEWS = YES;
				INFOPLIST_FILE = SimpleTitechApp/Info.plist;
				IPHONEOS_DEPLOYMENT_TARGET = 14.0;
				LD_RUNPATH_SEARCH_PATHS = (
					"$(inherited)",
					"@executable_path/Frameworks",
				);
				PRODUCT_BUNDLE_IDENTIFIER = app.reyura.SimpleTitechApp;
				PRODUCT_NAME = "$(TARGET_NAME)";
				SWIFT_VERSION = 5.0;
				TARGETED_DEVICE_FAMILY = "1,2";
			};
			name = Debug;
		};
		DED5691026589A48003E718B /* Release */ = {
			isa = XCBuildConfiguration;
			buildSettings = {
				ASSETCATALOG_COMPILER_APPICON_NAME = AppIcon;
				ASSETCATALOG_COMPILER_GLOBAL_ACCENT_COLOR_NAME = AccentColor;
				CODE_SIGN_STYLE = Automatic;
				DEVELOPMENT_ASSET_PATHS = "\"SimpleTitechApp/Preview Content\"";
				DEVELOPMENT_TEAM = WG79Q2HX97;
				ENABLE_PREVIEWS = YES;
				INFOPLIST_FILE = SimpleTitechApp/Info.plist;
				IPHONEOS_DEPLOYMENT_TARGET = 14.0;
				LD_RUNPATH_SEARCH_PATHS = (
					"$(inherited)",
					"@executable_path/Frameworks",
				);
				PRODUCT_BUNDLE_IDENTIFIER = app.reyura.SimpleTitechApp;
				PRODUCT_NAME = "$(TARGET_NAME)";
				SWIFT_VERSION = 5.0;
				TARGETED_DEVICE_FAMILY = "1,2";
			};
			name = Release;
		};
/* End XCBuildConfiguration section */

/* Begin XCConfigurationList section */
		DED568FA26589A47003E718B /* Build configuration list for PBXProject "SimpleTitechApp" */ = {
			isa = XCConfigurationList;
			buildConfigurations = (
				DED5690C26589A48003E718B /* Debug */,
				DED5690D26589A48003E718B /* Release */,
			);
			defaultConfigurationIsVisible = 0;
			defaultConfigurationName = Release;
		};
		DED5690E26589A48003E718B /* Build configuration list for PBXNativeTarget "SimpleTitechApp" */ = {
			isa = XCConfigurationList;
			buildConfigurations = (
				DED5690F26589A48003E718B /* Debug */,
				DED5691026589A48003E718B /* Release */,
			);
			defaultConfigurationIsVisible = 0;
			defaultConfigurationName = Release;
		};
/* End XCConfigurationList section */
	};
	rootObject = DED568F726589A47003E718B /* Project object */;
}
